
Microsoft Visual Studio Solution File, Format Version 12.00
# Visual Studio Version 16
VisualStudioVersion = 16.0.30717.126
MinimumVisualStudioVersion = 10.0.40219.1
Project("{FAE04EC0-301F-11D3-BF4B-00C04F79EFBC}") = "RealLifeTamagochi2.0.UWP", "RealLifeTamagochi2.0\RealLifeTamagochi2.0.UWP\RealLifeTamagochi2.0.UWP.csproj", "{B3AC558F-CBBB-4799-857F-B8665D076DCC}"
EndProject
Project("{FAE04EC0-301F-11D3-BF4B-00C04F79EFBC}") = "RealLifeTamagochi2.0.Android", "RealLifeTamagochi2.0\RealLifeTamagochi2.0.Android\RealLifeTamagochi2.0.Android.csproj", "{68D6F97A-89EE-41FD-988C-3EDB9C27AE2C}"
EndProject
Project("{FAE04EC0-301F-11D3-BF4B-00C04F79EFBC}") = "RealLifeTamagochi2.0.iOS", "RealLifeTamagochi2.0\RealLifeTamagochi2.0.iOS\RealLifeTamagochi2.0.iOS.csproj", "{F7A93D7C-F59B-4BDD-BE23-502F35ED1102}"
EndProject
Project("{FAE04EC0-301F-11D3-BF4B-00C04F79EFBC}") = "RealLifeTamagochi2.0", "RealLifeTamagochi2.0\RealLifeTamagochi2.0\RealLifeTamagochi2.0.csproj", "{8FD7E526-E008-462C-82EB-168125FE4915}"
EndProject
Global
	GlobalSection(SolutionConfigurationPlatforms) = preSolution
		Debug|Any CPU = Debug|Any CPU
		Debug|ARM = Debug|ARM
		Debug|iPhone = Debug|iPhone
		Debug|iPhoneSimulator = Debug|iPhoneSimulator
		Debug|x64 = Debug|x64
		Debug|x86 = Debug|x86
		Release|Any CPU = Release|Any CPU
		Release|ARM = Release|ARM
		Release|iPhone = Release|iPhone
		Release|iPhoneSimulator = Release|iPhoneSimulator
		Release|x64 = Release|x64
		Release|x86 = Release|x86
	EndGlobalSection
	GlobalSection(ProjectConfigurationPlatforms) = postSolution
		{B3AC558F-CBBB-4799-857F-B8665D076DCC}.Debug|Any CPU.ActiveCfg = Debug|x86
		{B3AC558F-CBBB-4799-857F-B8665D076DCC}.Debug|Any CPU.Build.0 = Debug|x86
		{B3AC558F-CBBB-4799-857F-B8665D076DCC}.Debug|Any CPU.Deploy.0 = Debug|x86
		{B3AC558F-CBBB-4799-857F-B8665D076DCC}.Debug|ARM.ActiveCfg = Debug|ARM
		{B3AC558F-CBBB-4799-857F-B8665D076DCC}.Debug|ARM.Build.0 = Debug|ARM
		{B3AC558F-CBBB-4799-857F-B8665D076DCC}.Debug|ARM.Deploy.0 = Debug|ARM
		{B3AC558F-CBBB-4799-857F-B8665D076DCC}.Debug|iPhone.ActiveCfg = Debug|x86
		{B3AC558F-CBBB-4799-857F-B8665D076DCC}.Debug|iPhone.Build.0 = Debug|x86
		{B3AC558F-CBBB-4799-857F-B8665D076DCC}.Debug|iPhone.Deploy.0 = Debug|x86
		{B3AC558F-CBBB-4799-857F-B8665D076DCC}.Debug|iPhoneSimulator.ActiveCfg = Debug|x86
		{B3AC558F-CBBB-4799-857F-B8665D076DCC}.Debug|iPhoneSimulator.Build.0 = Debug|x86
		{B3AC558F-CBBB-4799-857F-B8665D076DCC}.Debug|iPhoneSimulator.Deploy.0 = Debug|x86
		{B3AC558F-CBBB-4799-857F-B8665D076DCC}.Debug|x64.ActiveCfg = Debug|x64
		{B3AC558F-CBBB-4799-857F-B8665D076DCC}.Debug|x64.Build.0 = Debug|x64
		{B3AC558F-CBBB-4799-857F-B8665D076DCC}.Debug|x64.Deploy.0 = Debug|x64
		{B3AC558F-CBBB-4799-857F-B8665D076DCC}.Debug|x86.ActiveCfg = Debug|x86
		{B3AC558F-CBBB-4799-857F-B8665D076DCC}.Debug|x86.Build.0 = Debug|x86
		{B3AC558F-CBBB-4799-857F-B8665D076DCC}.Debug|x86.Deploy.0 = Debug|x86
		{B3AC558F-CBBB-4799-857F-B8665D076DCC}.Release|Any CPU.ActiveCfg = Release|x86
		{B3AC558F-CBBB-4799-857F-B8665D076DCC}.Release|Any CPU.Build.0 = Release|x86
		{B3AC558F-CBBB-4799-857F-B8665D076DCC}.Release|Any CPU.Deploy.0 = Release|x86
		{B3AC558F-CBBB-4799-857F-B8665D076DCC}.Release|ARM.ActiveCfg = Release|ARM
		{B3AC558F-CBBB-4799-857F-B8665D076DCC}.Release|ARM.Build.0 = Release|ARM
		{B3AC558F-CBBB-4799-857F-B8665D076DCC}.Release|ARM.Deploy.0 = Release|ARM
		{B3AC558F-CBBB-4799-857F-B8665D076DCC}.Release|iPhone.ActiveCfg = Release|x86
		{B3AC558F-CBBB-4799-857F-B8665D076DCC}.Release|iPhone.Build.0 = Release|x86
		{B3AC558F-CBBB-4799-857F-B8665D076DCC}.Release|iPhone.Deploy.0 = Release|x86
		{B3AC558F-CBBB-4799-857F-B8665D076DCC}.Release|iPhoneSimulator.ActiveCfg = Release|x86
		{B3AC558F-CBBB-4799-857F-B8665D076DCC}.Release|iPhoneSimulator.Build.0 = Release|x86
		{B3AC558F-CBBB-4799-857F-B8665D076DCC}.Release|iPhoneSimulator.Deploy.0 = Release|x86
		{B3AC558F-CBBB-4799-857F-B8665D076DCC}.Release|x64.ActiveCfg = Release|x64
		{B3AC558F-CBBB-4799-857F-B8665D076DCC}.Release|x64.Build.0 = Release|x64
		{B3AC558F-CBBB-4799-857F-B8665D076DCC}.Release|x64.Deploy.0 = Release|x64
		{B3AC558F-CBBB-4799-857F-B8665D076DCC}.Release|x86.ActiveCfg = Release|x86
		{B3AC558F-CBBB-4799-857F-B8665D076DCC}.Release|x86.Build.0 = Release|x86
		{B3AC558F-CBBB-4799-857F-B8665D076DCC}.Release|x86.Deploy.0 = Release|x86
		{68D6F97A-89EE-41FD-988C-3EDB9C27AE2C}.Debug|Any CPU.ActiveCfg = Debug|Any CPU
		{68D6F97A-89EE-41FD-988C-3EDB9C27AE2C}.Debug|Any CPU.Build.0 = Debug|Any CPU
		{68D6F97A-89EE-41FD-988C-3EDB9C27AE2C}.Debug|Any CPU.Deploy.0 = Debug|Any CPU
		{68D6F97A-89EE-41FD-988C-3EDB9C27AE2C}.Debug|ARM.ActiveCfg = Debug|Any CPU
		{68D6F97A-89EE-41FD-988C-3EDB9C27AE2C}.Debug|ARM.Build.0 = Debug|Any CPU
		{68D6F97A-89EE-41FD-988C-3EDB9C27AE2C}.Debug|ARM.Deploy.0 = Debug|Any CPU
		{68D6F97A-89EE-41FD-988C-3EDB9C27AE2C}.Debug|iPhone.ActiveCfg = Debug|Any CPU
		{68D6F97A-89EE-41FD-988C-3EDB9C27AE2C}.Debug|iPhone.Build.0 = Debug|Any CPU
		{68D6F97A-89EE-41FD-988C-3EDB9C27AE2C}.Debug|iPhone.Deploy.0 = Debug|Any CPU
		{68D6F97A-89EE-41FD-988C-3EDB9C27AE2C}.Debug|iPhoneSimulator.ActiveCfg = Debug|Any CPU
		{68D6F97A-89EE-41FD-988C-3EDB9C27AE2C}.Debug|iPhoneSimulator.Build.0 = Debug|Any CPU
		{68D6F97A-89EE-41FD-988C-3EDB9C27AE2C}.Debug|iPhoneSimulator.Deploy.0 = Debug|Any CPU
		{68D6F97A-89EE-41FD-988C-3EDB9C27AE2C}.Debug|x64.ActiveCfg = Debug|Any CPU
		{68D6F97A-89EE-41FD-988C-3EDB9C27AE2C}.Debug|x64.Build.0 = Debug|Any CPU
		{68D6F97A-89EE-41FD-988C-3EDB9C27AE2C}.Debug|x64.Deploy.0 = Debug|Any CPU
		{68D6F97A-89EE-41FD-988C-3EDB9C27AE2C}.Debug|x86.ActiveCfg = Debug|Any CPU
		{68D6F97A-89EE-41FD-988C-3EDB9C27AE2C}.Debug|x86.Build.0 = Debug|Any CPU
		{68D6F97A-89EE-41FD-988C-3EDB9C27AE2C}.Debug|x86.Deploy.0 = Debug|Any CPU
		{68D6F97A-89EE-41FD-988C-3EDB9C27AE2C}.Release|Any CPU.ActiveCfg = Release|Any CPU
		{68D6F97A-89EE-41FD-988C-3EDB9C27AE2C}.Release|Any CPU.Build.0 = Release|Any CPU
		{68D6F97A-89EE-41FD-988C-3EDB9C27AE2C}.Release|Any CPU.Deploy.0 = Release|Any CPU
		{68D6F97A-89EE-41FD-988C-3EDB9C27AE2C}.Release|ARM.ActiveCfg = Release|Any CPU
		{68D6F97A-89EE-41FD-988C-3EDB9C27AE2C}.Release|ARM.Build.0 = Release|Any CPU
		{68D6F97A-89EE-41FD-988C-3EDB9C27AE2C}.Release|ARM.Deploy.0 = Release|Any CPU
		{68D6F97A-89EE-41FD-988C-3EDB9C27AE2C}.Release|iPhone.ActiveCfg = Release|Any CPU
		{68D6F97A-89EE-41FD-988C-3EDB9C27AE2C}.Release|iPhone.Build.0 = Release|Any CPU
		{68D6F97A-89EE-41FD-988C-3EDB9C27AE2C}.Release|iPhone.Deploy.0 = Release|Any CPU
		{68D6F97A-89EE-41FD-988C-3EDB9C27AE2C}.Release|iPhoneSimulator.ActiveCfg = Release|Any CPU
		{68D6F97A-89EE-41FD-988C-3EDB9C27AE2C}.Release|iPhoneSimulator.Build.0 = Release|Any CPU
		{68D6F97A-89EE-41FD-988C-3EDB9C27AE2C}.Release|iPhoneSimulator.Deploy.0 = Release|Any CPU
		{68D6F97A-89EE-41FD-988C-3EDB9C27AE2C}.Release|x64.ActiveCfg = Release|Any CPU
		{68D6F97A-89EE-41FD-988C-3EDB9C27AE2C}.Release|x64.Build.0 = Release|Any CPU
		{68D6F97A-89EE-41FD-988C-3EDB9C27AE2C}.Release|x64.Deploy.0 = Release|Any CPU
		{68D6F97A-89EE-41FD-988C-3EDB9C27AE2C}.Release|x86.ActiveCfg = Release|Any CPU
		{68D6F97A-89EE-41FD-988C-3EDB9C27AE2C}.Release|x86.Build.0 = Release|Any CPU
		{68D6F97A-89EE-41FD-988C-3EDB9C27AE2C}.Release|x86.Deploy.0 = Release|Any CPU
		{F7A93D7C-F59B-4BDD-BE23-502F35ED1102}.Debug|Any CPU.ActiveCfg = Debug|iPhoneSimulator
		{F7A93D7C-F59B-4BDD-BE23-502F35ED1102}.Debug|Any CPU.Build.0 = Debug|iPhoneSimulator
		{F7A93D7C-F59B-4BDD-BE23-502F35ED1102}.Debug|Any CPU.Deploy.0 = Debug|iPhoneSimulator
		{F7A93D7C-F59B-4BDD-BE23-502F35ED1102}.Debug|ARM.ActiveCfg = Debug|iPhone
		{F7A93D7C-F59B-4BDD-BE23-502F35ED1102}.Debug|ARM.Build.0 = Debug|iPhone
		{F7A93D7C-F59B-4BDD-BE23-502F35ED1102}.Debug|ARM.Deploy.0 = Debug|iPhone
		{F7A93D7C-F59B-4BDD-BE23-502F35ED1102}.Debug|iPhone.ActiveCfg = Debug|iPhone
		{F7A93D7C-F59B-4BDD-BE23-502F35ED1102}.Debug|iPhone.Build.0 = Debug|iPhone
		{F7A93D7C-F59B-4BDD-BE23-502F35ED1102}.Debug|iPhone.Deploy.0 = Debug|iPhone
		{F7A93D7C-F59B-4BDD-BE23-502F35ED1102}.Debug|iPhoneSimulator.ActiveCfg = Debug|iPhoneSimulator
		{F7A93D7C-F59B-4BDD-BE23-502F35ED1102}.Debug|iPhoneSimulator.Build.0 = Debug|iPhoneSimulator
		{F7A93D7C-F59B-4BDD-BE23-502F35ED1102}.Debug|iPhoneSimulator.Deploy.0 = Debug|iPhoneSimulator
		{F7A93D7C-F59B-4BDD-BE23-502F35ED1102}.Debug|x64.ActiveCfg = Debug|iPhoneSimulator
		{F7A93D7C-F59B-4BDD-BE23-502F35ED1102}.Debug|x64.Build.0 = Debug|iPhoneSimulator
		{F7A93D7C-F59B-4BDD-BE23-502F35ED1102}.Debug|x64.Deploy.0 = Debug|iPhoneSimulator
		{F7A93D7C-F59B-4BDD-BE23-502F35ED1102}.Debug|x86.ActiveCfg = Debug|iPhoneSimulator
		{F7A93D7C-F59B-4BDD-BE23-502F35ED1102}.Debug|x86.Build.0 = Debug|iPhoneSimulator
		{F7A93D7C-F59B-4BDD-BE23-502F35ED1102}.Debug|x86.Deploy.0 = Debug|iPhoneSimulator
		{F7A93D7C-F59B-4BDD-BE23-502F35ED1102}.Release|Any CPU.ActiveCfg = Release|iPhoneSimulator
		{F7A93D7C-F59B-4BDD-BE23-502F35ED1102}.Release|Any CPU.Build.0 = Release|iPhoneSimulator
		{F7A93D7C-F59B-4BDD-BE23-502F35ED1102}.Release|Any CPU.Deploy.0 = Release|iPhoneSimulator
		{F7A93D7C-F59B-4BDD-BE23-502F35ED1102}.Release|ARM.ActiveCfg = Release|iPhoneSimulator
		{F7A93D7C-F59B-4BDD-BE23-502F35ED1102}.Release|ARM.Build.0 = Release|iPhoneSimulator
		{F7A93D7C-F59B-4BDD-BE23-502F35ED1102}.Release|ARM.Deploy.0 = Release|iPhoneSimulator
		{F7A93D7C-F59B-4BDD-BE23-502F35ED1102}.Release|iPhone.ActiveCfg = Release|iPhone
		{F7A93D7C-F59B-4BDD-BE23-502F35ED1102}.Release|iPhone.Build.0 = Release|iPhone
		{F7A93D7C-F59B-4BDD-BE23-502F35ED1102}.Release|iPhone.Deploy.0 = Release|iPhone
		{F7A93D7C-F59B-4BDD-BE23-502F35ED1102}.Release|iPhoneSimulator.ActiveCfg = Release|iPhoneSimulator
		{F7A93D7C-F59B-4BDD-BE23-502F35ED1102}.Release|iPhoneSimulator.Build.0 = Release|iPhoneSimulator
		{F7A93D7C-F59B-4BDD-BE23-502F35ED1102}.Release|iPhoneSimulator.Deploy.0 = Release|iPhoneSimulator
		{F7A93D7C-F59B-4BDD-BE23-502F35ED1102}.Release|x64.ActiveCfg = Release|iPhoneSimulator
		{F7A93D7C-F59B-4BDD-BE23-502F35ED1102}.Release|x64.Build.0 = Release|iPhoneSimulator
		{F7A93D7C-F59B-4BDD-BE23-502F35ED1102}.Release|x64.Deploy.0 = Release|iPhoneSimulator
		{F7A93D7C-F59B-4BDD-BE23-502F35ED1102}.Release|x86.ActiveCfg = Release|iPhoneSimulator
		{F7A93D7C-F59B-4BDD-BE23-502F35ED1102}.Release|x86.Build.0 = Release|iPhoneSimulator
		{F7A93D7C-F59B-4BDD-BE23-502F35ED1102}.Release|x86.Deploy.0 = Release|iPhoneSimulator
		{8FD7E526-E008-462C-82EB-168125FE4915}.Debug|Any CPU.ActiveCfg = Debug|Any CPU
		{8FD7E526-E008-462C-82EB-168125FE4915}.Debug|Any CPU.Build.0 = Debug|Any CPU
		{8FD7E526-E008-462C-82EB-168125FE4915}.Debug|Any CPU.Deploy.0 = Debug|Any CPU
		{8FD7E526-E008-462C-82EB-168125FE4915}.Debug|ARM.ActiveCfg = Debug|Any CPU
		{8FD7E526-E008-462C-82EB-168125FE4915}.Debug|ARM.Build.0 = Debug|Any CPU
		{8FD7E526-E008-462C-82EB-168125FE4915}.Debug|ARM.Deploy.0 = Debug|Any CPU
		{8FD7E526-E008-462C-82EB-168125FE4915}.Debug|iPhone.ActiveCfg = Debug|Any CPU
		{8FD7E526-E008-462C-82EB-168125FE4915}.Debug|iPhone.Build.0 = Debug|Any CPU
		{8FD7E526-E008-462C-82EB-168125FE4915}.Debug|iPhone.Deploy.0 = Debug|Any CPU
		{8FD7E526-E008-462C-82EB-168125FE4915}.Debug|iPhoneSimulator.ActiveCfg = Debug|Any CPU
		{8FD7E526-E008-462C-82EB-168125FE4915}.Debug|iPhoneSimulator.Build.0 = Debug|Any CPU
		{8FD7E526-E008-462C-82EB-168125FE4915}.Debug|iPhoneSimulator.Deploy.0 = Debug|Any CPU
		{8FD7E526-E008-462C-82EB-168125FE4915}.Debug|x64.ActiveCfg = Debug|Any CPU
		{8FD7E526-E008-462C-82EB-168125FE4915}.Debug|x64.Build.0 = Debug|Any CPU
		{8FD7E526-E008-462C-82EB-168125FE4915}.Debug|x64.Deploy.0 = Debug|Any CPU
		{8FD7E526-E008-462C-82EB-168125FE4915}.Debug|x86.ActiveCfg = Debug|Any CPU
		{8FD7E526-E008-462C-82EB-168125FE4915}.Debug|x86.Build.0 = Debug|Any CPU
		{8FD7E526-E008-462C-82EB-168125FE4915}.Debug|x86.Deploy.0 = Debug|Any CPU
		{8FD7E526-E008-462C-82EB-168125FE4915}.Release|Any CPU.ActiveCfg = Release|Any CPU
		{8FD7E526-E008-462C-82EB-168125FE4915}.Release|Any CPU.Build.0 = Release|Any CPU
		{8FD7E526-E008-462C-82EB-168125FE4915}.Release|Any CPU.Deploy.0 = Release|Any CPU
		{8FD7E526-E008-462C-82EB-168125FE4915}.Release|ARM.ActiveCfg = Release|Any CPU
		{8FD7E526-E008-462C-82EB-168125FE4915}.Release|ARM.Build.0 = Release|Any CPU
		{8FD7E526-E008-462C-82EB-168125FE4915}.Release|ARM.Deploy.0 = Release|Any CPU
		{8FD7E526-E008-462C-82EB-168125FE4915}.Release|iPhone.ActiveCfg = Release|Any CPU
		{8FD7E526-E008-462C-82EB-168125FE4915}.Release|iPhone.Build.0 = Release|Any CPU
		{8FD7E526-E008-462C-82EB-168125FE4915}.Release|iPhone.Deploy.0 = Release|Any CPU
		{8FD7E526-E008-462C-82EB-168125FE4915}.Release|iPhoneSimulator.ActiveCfg = Release|Any CPU
		{8FD7E526-E008-462C-82EB-168125FE4915}.Release|iPhoneSimulator.Build.0 = Release|Any CPU
		{8FD7E526-E008-462C-82EB-168125FE4915}.Release|iPhoneSimulator.Deploy.0 = Release|Any CPU
		{8FD7E526-E008-462C-82EB-168125FE4915}.Release|x64.ActiveCfg = Release|Any CPU
		{8FD7E526-E008-462C-82EB-168125FE4915}.Release|x64.Build.0 = Release|Any CPU
		{8FD7E526-E008-462C-82EB-168125FE4915}.Release|x64.Deploy.0 = Release|Any CPU
		{8FD7E526-E008-462C-82EB-168125FE4915}.Release|x86.ActiveCfg = Release|Any CPU
		{8FD7E526-E008-462C-82EB-168125FE4915}.Release|x86.Build.0 = Release|Any CPU
		{8FD7E526-E008-462C-82EB-168125FE4915}.Release|x86.Deploy.0 = Release|Any CPU
	EndGlobalSection
	GlobalSection(SolutionProperties) = preSolution
		HideSolutionNode = FALSE
	EndGlobalSection
	GlobalSection(ExtensibilityGlobals) = postSolution
		SolutionGuid = {C45EAFB1-AEE1-45B0-8551-65B1A96A7C7D}
	EndGlobalSection
EndGlobal
